// !$*UTF8*$!
{
	archiveVersion = 1;
	classes = {
	};
	objectVersion = 46;
	objects = {

/* Begin PBXBuildFile section */
		276E90D81D94FA1B00FCC9FB /* main.cpp in Sources */ = {isa = PBXBuildFile; fileRef = 276E90D71D94FA1B00FCC9FB /* main.cpp */; };
/* End PBXBuildFile section */

/* Begin PBXCopyFilesBuildPhase section */
		276E90D21D94FA1B00FCC9FB /* CopyFiles */ = {
			isa = PBXCopyFilesBuildPhase;
			buildActionMask = 2147483647;
			dstPath = /usr/share/man/man1/;
			dstSubfolderSpec = 0;
			files = (
			);
			runOnlyForDeploymentPostprocessing = 1;
		};
/* End PBXCopyFilesBuildPhase section */

/* Begin PBXFileReference section */
		276E90D41D94FA1B00FCC9FB /* PathsWithSpecifiedSumInBinaryTree */ = {isa = PBXFileReference; explicitFileType = "compiled.mach-o.executable"; includeInIndex = 0; path = PathsWithSpecifiedSumInBinaryTree; sourceTree = BUILT_PRODUCTS_DIR; };
		276E90D71D94FA1B00FCC9FB /* main.cpp */ = {isa = PBXFileReference; lastKnownFileType = sourcecode.cpp.cpp; path = main.cpp; sourceTree = "<group>"; };
/* End PBXFileReference section */

/* Begin PBXFrameworksBuildPhase section */
		276E90D11D94FA1B00FCC9FB /* Frameworks */ = {
			isa = PBXFrameworksBuildPhase;
			buildActionMask = 2147483647;
			files = (
			);
			runOnlyForDeploymentPostprocessing = 0;
		};
/* End PBXFrameworksBuildPhase section */

/* Begin PBXGroup section */
		276E90CB1D94FA1B00FCC9FB = {
			isa = PBXGroup;
			children = (
				276E90D61D94FA1B00FCC9FB /* PathsWithSpecifiedSumInBinaryTree */,
				276E90D51D94FA1B00FCC9FB /* Products */,
			);
			sourceTree = "<group>";
		};
		276E90D51D94FA1B00FCC9FB /* Products */ = {
			isa = PBXGroup;
			children = (
				276E90D41D94FA1B00FCC9FB /* PathsWithSpecifiedSumInBinaryTree */,
			);
			name = Products;
			sourceTree = "<group>";
		};
		276E90D61D94FA1B00FCC9FB /* PathsWithSpecifiedSumInBinaryTree */ = {
			isa = PBXGroup;
			children = (
				276E90D71D94FA1B00FCC9FB /* main.cpp */,
			);
			path = PathsWithSpecifiedSumInBinaryTree;
			sourceTree = "<group>";
		};
/* End PBXGroup section */

/* Begin PBXNativeTarget section */
		276E90D31D94FA1B00FCC9FB /* PathsWithSpecifiedSumInBinaryTree */ = {
			isa = PBXNativeTarget;
			buildConfigurationList = 276E90DB1D94FA1B00FCC9FB /* Build configuration list for PBXNativeTarget "PathsWithSpecifiedSumInBinaryTree" */;
			buildPhases = (
				276E90D01D94FA1B00FCC9FB /* Sources */,
				276E90D11D94FA1B00FCC9FB /* Frameworks */,
				276E90D21D94FA1B00FCC9FB /* CopyFiles */,
			);
			buildRules = (
			);
			dependencies = (
			);
			name = PathsWithSpecifiedSumInBinaryTree;
			productName = PathsWithSpecifiedSumInBinaryTree;
			productReference = 276E90D41D94FA1B00FCC9FB /* PathsWithSpecifiedSumInBinaryTree */;
			productType = "com.apple.product-type.tool";
		};
/* End PBXNativeTarget section */

/* Begin PBXProject section */
		276E90CC1D94FA1B00FCC9FB /* Project object */ = {
			isa = PBXProject;
			attributes = {
				LastUpgradeCheck = 0730;
				ORGANIZATIONNAME = sin;
				TargetAttributes = {
					276E90D31D94FA1B00FCC9FB = {
						CreatedOnToolsVersion = 7.3.1;
					};
				};
			};
			buildConfigurationList = 276E90CF1D94FA1B00FCC9FB /* Build configuration list for PBXProject "PathsWithSpecifiedSumInBinaryTree" */;
			compatibilityVersion = "Xcode 3.2";
			developmentRegion = English;
			hasScannedForEncodings = 0;
			knownRegions = (
				en,
			);
			mainGroup = 276E90CB1D94FA1B00FCC9FB;
			productRefGroup = 276E90D51D94FA1B00FCC9FB /* Products */;
			projectDirPath = "";
			projectRoot = "";
			targets = (
				276E90D31D94FA1B00FCC9FB /* PathsWithSpecifiedSumInBinaryTree */,
			);
		};
/* End PBXProject section */

/* Begin PBXSourcesBuildPhase section */
		276E90D01D94FA1B00FCC9FB /* Sources */ = {
			isa = PBXSourcesBuildPhase;
			buildActionMask = 2147483647;
			files = (
				276E90D81D94FA1B00FCC9FB /* main.cpp in Sources */,
			);
			runOnlyForDeploymentPostprocessing = 0;
		};
/* End PBXSourcesBuildPhase section */

/* Begin XCBuildConfiguration section */
		276E90D91D94FA1B00FCC9FB /* Debug */ = {
			isa = XCBuildConfiguration;
			buildSettings = {
				ALWAYS_SEARCH_USER_PATHS = NO;
				CLANG_ANALYZER_NONNULL = YES;
				CLANG_CXX_LANGUAGE_STANDARD = "gnu++0x";
				CLANG_CXX_LIBRARY = "libc++";
				CLANG_ENABLE_MODULES = YES;
				CLANG_ENABLE_OBJC_ARC = YES;
				CLANG_WARN_BOOL_CONVERSION = YES;
				CLANG_WARN_CONSTANT_CONVERSION = YES;
				CLANG_WARN_DIRECT_OBJC_ISA_USAGE = YES_ERROR;
				CLANG_WARN_EMPTY_BODY = YES;
				CLANG_WARN_ENUM_CONVERSION = YES;
				CLANG_WARN_INT_CONVERSION = YES;
				CLANG_WARN_OBJC_ROOT_CLASS = YES_ERROR;
				CLANG_WARN_UNREACHABLE_CODE = YES;
				CLANG_WARN__DUPLICATE_METHOD_MATCH = YES;
				CODE_SIGN_IDENTITY = "-";
				COPY_PHASE_STRIP = NO;
				DEBUG_INFORMATION_FORMAT = dwarf;
				ENABLE_STRICT_OBJC_MSGSEND = YES;
				ENABLE_TESTABILITY = YES;
				GCC_C_LANGUAGE_STANDARD = gnu99;
				GCC_DYNAMIC_NO_PIC = NO;
				GCC_NO_COMMON_BLOCKS = YES;
				GCC_OPTIMIZATION_LEVEL = 0;
				GCC_PREPROCESSOR_DEFINITIONS = (
					"DEBUG=1",
					"$(inherited)",
				);
				GCC_WARN_64_TO_32_BIT_CONVERSION = YES;
				GCC_WARN_ABOUT_RETURN_TYPE = YES_ERROR;
				GCC_WARN_UNDECLARED_SELECTOR = YES;
				GCC_WARN_UNINITIALIZED_AUTOS = YES_AGGRESSIVE;
				GCC_WARN_UNUSED_FUNCTION = YES;
				GCC_WARN_UNUSED_VARIABLE = YES;
				MACOSX_DEPLOYMENT_TARGET = 10.11;
				MTL_ENABLE_DEBUG_INFO = YES;
				ONLY_ACTIVE_ARCH = YES;
				SDKROOT = macosx;
			};
			name = Debug;
		};
		276E90DA1D94FA1B00FCC9FB /* Release */ = {
			isa = XCBuildConfiguration;
			buildSettings = {
				ALWAYS_SEARCH_USER_PATHS = NO;
				CLANG_ANALYZER_NONNULL = YES;
				CLANG_CXX_LANGUAGE_STANDARD = "gnu++0x";
				CLANG_CXX_LIBRARY = "libc++";
				CLANG_ENABLE_MODULES = YES;
				CLANG_ENABLE_OBJC_ARC = YES;
				CLANG_WARN_BOOL_CONVERSION = YES;
				CLANG_WARN_CONSTANT_CONVERSION = YES;
				CLANG_WARN_DIRECT_OBJC_ISA_USAGE = YES_ERROR;
				CLANG_WARN_EMPTY_BODY = YES;
				CLANG_WARN_ENUM_CONVERSION = YES;
				CLANG_WARN_INT_CONVERSION = YES;
				CLANG_WARN_OBJC_ROOT_CLASS = YES_ERROR;
				CLANG_WARN_UNREACHABLE_CODE = YES;
				CLANG_WARN__DUPLICATE_METHOD_MATCH = YES;
				CODE_SIGN_IDENTITY = "-";
				COPY_PHASE_STRIP = NO;
				DEBUG_INFORMATION_FORMAT = "dwarf-with-dsym";
				ENABLE_NS_ASSERTIONS = NO;
				ENABLE_STRICT_OBJC_MSGSEND = YES;
				GCC_C_LANGUAGE_STANDARD = gnu99;
				GCC_NO_COMMON_BLOCKS = YES;
				GCC_WARN_64_TO_32_BIT_CONVERSION = YES;
				GCC_WARN_ABOUT_RETURN_TYPE = YES_ERROR;
				GCC_WARN_UNDECLARED_SELECTOR = YES;
				GCC_WARN_UNINITIALIZED_AUTOS = YES_AGGRESSIVE;
				GCC_WARN_UNUSED_FUNCTION = YES;
				GCC_WARN_UNUSED_VARIABLE = YES;
				MACOSX_DEPLOYMENT_TARGET = 10.11;
				MTL_ENABLE_DEBUG_INFO = NO;
				SDKROOT = macosx;
			};
			name = Release;
		};
		276E90DC1D94FA1B00FCC9FB /* Debug */ = {
			isa = XCBuildConfiguration;
			buildSettings = {
				PRODUCT_NAME = "$(TARGET_NAME)";
			};
			name = Debug;
		};
		276E90DD1D94FA1B00FCC9FB /* Release */ = {
			isa = XCBuildConfiguration;
			buildSettings = {
				PRODUCT_NAME = "$(TARGET_NAME)";
			};
			name = Release;
		};
/* End XCBuildConfiguration section */

/* Begin XCConfigurationList section */
		276E90CF1D94FA1B00FCC9FB /* Build configuration list for PBXProject "PathsWithSpecifiedSumInBinaryTree" */ = {
			isa = XCConfigurationList;
			buildConfigurations = (
				276E90D91D94FA1B00FCC9FB /* Debug */,
				276E90DA1D94FA1B00FCC9FB /* Release */,
			);
			defaultConfigurationIsVisible = 0;
			defaultConfigurationName = Release;
		};
		276E90DB1D94FA1B00FCC9FB /* Build configuration list for PBXNativeTarget "PathsWithSpecifiedSumInBinaryTree" */ = {
			isa = XCConfigurationList;
			buildConfigurations = (
				276E90DC1D94FA1B00FCC9FB /* Debug */,
				276E90DD1D94FA1B00FCC9FB /* Release */,
			);
			defaultConfigurationIsVisible = 0;
		};
/* End XCConfigurationList section */
	};
	rootObject = 276E90CC1D94FA1B00FCC9FB /* Project object */;
}
